
Microsoft Visual Studio Solution File, Format Version 12.00
# Visual Studio 15
VisualStudioVersion = 15.0.26124.0
MinimumVisualStudioVersion = 15.0.26124.0
Project("{2150E333-8FDC-42A3-9474-1A3956D46DE8}") = "src", "src", "{91DCAA8C-E093-4439-BB2F-0DF3ACAB1DE7}"
EndProject
Project("{FAE04EC0-301F-11D3-BF4B-00C04F79EFBC}") = "AkkaNet.Demo", "src\AkkaNet.Demo\AkkaNet.Demo.csproj", "{F0DF40C0-C223-454B-B6F3-AB848C76E7A4}"
EndProject
Project("{FAE04EC0-301F-11D3-BF4B-00C04F79EFBC}") = "AkkaNet.Remote.Demo.App1", "src\AkkaNet.Remote.Demo.App1\AkkaNet.Remote.Demo.App1.csproj", "{C2C90661-F0A6-45CB-9BAD-900EF5CFEABC}"
EndProject
Project("{FAE04EC0-301F-11D3-BF4B-00C04F79EFBC}") = "AkkaNet.Remote.Demo.App2", "src\AkkaNet.Remote.Demo.App2\AkkaNet.Remote.Demo.App2.csproj", "{C86D69D5-D8E8-4697-94C3-183E09764A2C}"
EndProject
Project("{FAE04EC0-301F-11D3-BF4B-00C04F79EFBC}") = "AkkaNet.Remote.Demo.App3", "src\AkkaNet.Remote.Demo.App3\AkkaNet.Remote.Demo.App3.csproj", "{881F6DF5-914C-43CD-8F0C-C3A4BA71541E}"
EndProject
Global
	GlobalSection(SolutionConfigurationPlatforms) = preSolution
		Debug|Any CPU = Debug|Any CPU
		Debug|x64 = Debug|x64
		Debug|x86 = Debug|x86
		Release|Any CPU = Release|Any CPU
		Release|x64 = Release|x64
		Release|x86 = Release|x86
	EndGlobalSection
	GlobalSection(SolutionProperties) = preSolution
		HideSolutionNode = FALSE
	EndGlobalSection
	GlobalSection(ProjectConfigurationPlatforms) = postSolution
		{F0DF40C0-C223-454B-B6F3-AB848C76E7A4}.Debug|Any CPU.ActiveCfg = Debug|Any CPU
		{F0DF40C0-C223-454B-B6F3-AB848C76E7A4}.Debug|Any CPU.Build.0 = Debug|Any CPU
		{F0DF40C0-C223-454B-B6F3-AB848C76E7A4}.Debug|x64.ActiveCfg = Debug|Any CPU
		{F0DF40C0-C223-454B-B6F3-AB848C76E7A4}.Debug|x64.Build.0 = Debug|Any CPU
		{F0DF40C0-C223-454B-B6F3-AB848C76E7A4}.Debug|x86.ActiveCfg = Debug|Any CPU
		{F0DF40C0-C223-454B-B6F3-AB848C76E7A4}.Debug|x86.Build.0 = Debug|Any CPU
		{F0DF40C0-C223-454B-B6F3-AB848C76E7A4}.Release|Any CPU.ActiveCfg = Release|Any CPU
		{F0DF40C0-C223-454B-B6F3-AB848C76E7A4}.Release|Any CPU.Build.0 = Release|Any CPU
		{F0DF40C0-C223-454B-B6F3-AB848C76E7A4}.Release|x64.ActiveCfg = Release|Any CPU
		{F0DF40C0-C223-454B-B6F3-AB848C76E7A4}.Release|x64.Build.0 = Release|Any CPU
		{F0DF40C0-C223-454B-B6F3-AB848C76E7A4}.Release|x86.ActiveCfg = Release|Any CPU
		{F0DF40C0-C223-454B-B6F3-AB848C76E7A4}.Release|x86.Build.0 = Release|Any CPU
		{C2C90661-F0A6-45CB-9BAD-900EF5CFEABC}.Debug|Any CPU.ActiveCfg = Debug|Any CPU
		{C2C90661-F0A6-45CB-9BAD-900EF5CFEABC}.Debug|Any CPU.Build.0 = Debug|Any CPU
		{C2C90661-F0A6-45CB-9BAD-900EF5CFEABC}.Debug|x64.ActiveCfg = Debug|Any CPU
		{C2C90661-F0A6-45CB-9BAD-900EF5CFEABC}.Debug|x64.Build.0 = Debug|Any CPU
		{C2C90661-F0A6-45CB-9BAD-900EF5CFEABC}.Debug|x86.ActiveCfg = Debug|Any CPU
		{C2C90661-F0A6-45CB-9BAD-900EF5CFEABC}.Debug|x86.Build.0 = Debug|Any CPU
		{C2C90661-F0A6-45CB-9BAD-900EF5CFEABC}.Release|Any CPU.ActiveCfg = Release|Any CPU
		{C2C90661-F0A6-45CB-9BAD-900EF5CFEABC}.Release|Any CPU.Build.0 = Release|Any CPU
		{C2C90661-F0A6-45CB-9BAD-900EF5CFEABC}.Release|x64.ActiveCfg = Release|Any CPU
		{C2C90661-F0A6-45CB-9BAD-900EF5CFEABC}.Release|x64.Build.0 = Release|Any CPU
		{C2C90661-F0A6-45CB-9BAD-900EF5CFEABC}.Release|x86.ActiveCfg = Release|Any CPU
		{C2C90661-F0A6-45CB-9BAD-900EF5CFEABC}.Release|x86.Build.0 = Release|Any CPU
		{C86D69D5-D8E8-4697-94C3-183E09764A2C}.Debug|Any CPU.ActiveCfg = Debug|Any CPU
		{C86D69D5-D8E8-4697-94C3-183E09764A2C}.Debug|Any CPU.Build.0 = Debug|Any CPU
		{C86D69D5-D8E8-4697-94C3-183E09764A2C}.Debug|x64.ActiveCfg = Debug|Any CPU
		{C86D69D5-D8E8-4697-94C3-183E09764A2C}.Debug|x64.Build.0 = Debug|Any CPU
		{C86D69D5-D8E8-4697-94C3-183E09764A2C}.Debug|x86.ActiveCfg = Debug|Any CPU
		{C86D69D5-D8E8-4697-94C3-183E09764A2C}.Debug|x86.Build.0 = Debug|Any CPU
		{C86D69D5-D8E8-4697-94C3-183E09764A2C}.Release|Any CPU.ActiveCfg = Release|Any CPU
		{C86D69D5-D8E8-4697-94C3-183E09764A2C}.Release|Any CPU.Build.0 = Release|Any CPU
		{C86D69D5-D8E8-4697-94C3-183E09764A2C}.Release|x64.ActiveCfg = Release|Any CPU
		{C86D69D5-D8E8-4697-94C3-183E09764A2C}.Release|x64.Build.0 = Release|Any CPU
		{C86D69D5-D8E8-4697-94C3-183E09764A2C}.Release|x86.ActiveCfg = Release|Any CPU
		{C86D69D5-D8E8-4697-94C3-183E09764A2C}.Release|x86.Build.0 = Release|Any CPU
		{881F6DF5-914C-43CD-8F0C-C3A4BA71541E}.Debug|Any CPU.ActiveCfg = Debug|Any CPU
		{881F6DF5-914C-43CD-8F0C-C3A4BA71541E}.Debug|Any CPU.Build.0 = Debug|Any CPU
		{881F6DF5-914C-43CD-8F0C-C3A4BA71541E}.Debug|x64.ActiveCfg = Debug|Any CPU
		{881F6DF5-914C-43CD-8F0C-C3A4BA71541E}.Debug|x64.Build.0 = Debug|Any CPU
		{881F6DF5-914C-43CD-8F0C-C3A4BA71541E}.Debug|x86.ActiveCfg = Debug|Any CPU
		{881F6DF5-914C-43CD-8F0C-C3A4BA71541E}.Debug|x86.Build.0 = Debug|Any CPU
		{881F6DF5-914C-43CD-8F0C-C3A4BA71541E}.Release|Any CPU.ActiveCfg = Release|Any CPU
		{881F6DF5-914C-43CD-8F0C-C3A4BA71541E}.Release|Any CPU.Build.0 = Release|Any CPU
		{881F6DF5-914C-43CD-8F0C-C3A4BA71541E}.Release|x64.ActiveCfg = Release|Any CPU
		{881F6DF5-914C-43CD-8F0C-C3A4BA71541E}.Release|x64.Build.0 = Release|Any CPU
		{881F6DF5-914C-43CD-8F0C-C3A4BA71541E}.Release|x86.ActiveCfg = Release|Any CPU
		{881F6DF5-914C-43CD-8F0C-C3A4BA71541E}.Release|x86.Build.0 = Release|Any CPU
	EndGlobalSection
	GlobalSection(NestedProjects) = preSolution
		{F0DF40C0-C223-454B-B6F3-AB848C76E7A4} = {91DCAA8C-E093-4439-BB2F-0DF3ACAB1DE7}
		{C2C90661-F0A6-45CB-9BAD-900EF5CFEABC} = {91DCAA8C-E093-4439-BB2F-0DF3ACAB1DE7}
		{C86D69D5-D8E8-4697-94C3-183E09764A2C} = {91DCAA8C-E093-4439-BB2F-0DF3ACAB1DE7}
		{881F6DF5-914C-43CD-8F0C-C3A4BA71541E} = {91DCAA8C-E093-4439-BB2F-0DF3ACAB1DE7}
	EndGlobalSection
EndGlobal
